// !$*UTF8*$!
{
	archiveVersion = 1;
	classes = {
	};
	objectVersion = 46;
	objects = {

/* Begin PBXBuildFile section */
		1A45BBF01EAB4583007ECB5D /* AppDelegate.swift in Sources */ = {isa = PBXBuildFile; fileRef = 1A45BBEF1EAB4583007ECB5D /* AppDelegate.swift */; };
		1A45BBF21EAB4583007ECB5D /* ViewController.swift in Sources */ = {isa = PBXBuildFile; fileRef = 1A45BBF11EAB4583007ECB5D /* ViewController.swift */; };
		1A45BBF51EAB4583007ECB5D /* Main.storyboard in Resources */ = {isa = PBXBuildFile; fileRef = 1A45BBF31EAB4583007ECB5D /* Main.storyboard */; };
		1A45BBF71EAB4583007ECB5D /* Assets.xcassets in Resources */ = {isa = PBXBuildFile; fileRef = 1A45BBF61EAB4583007ECB5D /* Assets.xcassets */; };
		1A45BBFA1EAB4583007ECB5D /* LaunchScreen.storyboard in Resources */ = {isa = PBXBuildFile; fileRef = 1A45BBF81EAB4583007ECB5D /* LaunchScreen.storyboard */; };
		1A45BC051EAB4583007ECB5D /* BackBtnEventIntercept_swiftTests.swift in Sources */ = {isa = PBXBuildFile; fileRef = 1A45BC041EAB4583007ECB5D /* BackBtnEventIntercept_swiftTests.swift */; };
		1A45BC111EAB45B8007ECB5D /* UIViewController+BackBtnEventIntercept.swift in Sources */ = {isa = PBXBuildFile; fileRef = 1A45BC101EAB45B8007ECB5D /* UIViewController+BackBtnEventIntercept.swift */; };
/* End PBXBuildFile section */

/* Begin PBXContainerItemProxy section */
		1A45BC011EAB4583007ECB5D /* PBXContainerItemProxy */ = {
			isa = PBXContainerItemProxy;
			containerPortal = 1A45BBE41EAB4583007ECB5D /* Project object */;
			proxyType = 1;
			remoteGlobalIDString = 1A45BBEB1EAB4583007ECB5D;
			remoteInfo = BackBtnEventIntercept_swift;
		};
/* End PBXContainerItemProxy section */

/* Begin PBXFileReference section */
		1A45BBEC1EAB4583007ECB5D /* BackBtnEventIntercept_swift.app */ = {isa = PBXFileReference; explicitFileType = wrapper.application; includeInIndex = 0; path = BackBtnEventIntercept_swift.app; sourceTree = BUILT_PRODUCTS_DIR; };
		1A45BBEF1EAB4583007ECB5D /* AppDelegate.swift */ = {isa = PBXFileReference; lastKnownFileType = sourcecode.swift; path = AppDelegate.swift; sourceTree = "<group>"; };
		1A45BBF11EAB4583007ECB5D /* ViewController.swift */ = {isa = PBXFileReference; lastKnownFileType = sourcecode.swift; path = ViewController.swift; sourceTree = "<group>"; };
		1A45BBF41EAB4583007ECB5D /* Base */ = {isa = PBXFileReference; lastKnownFileType = file.storyboard; name = Base; path = Base.lproj/Main.storyboard; sourceTree = "<group>"; };
		1A45BBF61EAB4583007ECB5D /* Assets.xcassets */ = {isa = PBXFileReference; lastKnownFileType = folder.assetcatalog; path = Assets.xcassets; sourceTree = "<group>"; };
		1A45BBF91EAB4583007ECB5D /* Base */ = {isa = PBXFileReference; lastKnownFileType = file.storyboard; name = Base; path = Base.lproj/LaunchScreen.storyboard; sourceTree = "<group>"; };
		1A45BBFB1EAB4583007ECB5D /* Info.plist */ = {isa = PBXFileReference; lastKnownFileType = text.plist.xml; path = Info.plist; sourceTree = "<group>"; };
		1A45BC001EAB4583007ECB5D /* BackBtnEventIntercept_swiftTests.xctest */ = {isa = PBXFileReference; explicitFileType = wrapper.cfbundle; includeInIndex = 0; path = BackBtnEventIntercept_swiftTests.xctest; sourceTree = BUILT_PRODUCTS_DIR; };
		1A45BC041EAB4583007ECB5D /* BackBtnEventIntercept_swiftTests.swift */ = {isa = PBXFileReference; lastKnownFileType = sourcecode.swift; path = BackBtnEventIntercept_swiftTests.swift; sourceTree = "<group>"; };
		1A45BC061EAB4583007ECB5D /* Info.plist */ = {isa = PBXFileReference; lastKnownFileType = text.plist.xml; path = Info.plist; sourceTree = "<group>"; };
		1A45BC101EAB45B8007ECB5D /* UIViewController+BackBtnEventIntercept.swift */ = {isa = PBXFileReference; fileEncoding = 4; lastKnownFileType = sourcecode.swift; path = "UIViewController+BackBtnEventIntercept.swift"; sourceTree = "<group>"; };
/* End PBXFileReference section */

/* Begin PBXFrameworksBuildPhase section */
		1A45BBE91EAB4583007ECB5D /* Frameworks */ = {
			isa = PBXFrameworksBuildPhase;
			buildActionMask = 2147483647;
			files = (
			);
			runOnlyForDeploymentPostprocessing = 0;
		};
		1A45BBFD1EAB4583007ECB5D /* Frameworks */ = {
			isa = PBXFrameworksBuildPhase;
			buildActionMask = 2147483647;
			files = (
			);
			runOnlyForDeploymentPostprocessing = 0;
		};
/* End PBXFrameworksBuildPhase section */

/* Begin PBXGroup section */
		1A45BBE31EAB4583007ECB5D = {
			isa = PBXGroup;
			children = (
				1A45BBEE1EAB4583007ECB5D /* BackBtnEventIntercept_swift */,
				1A45BC031EAB4583007ECB5D /* BackBtnEventIntercept_swiftTests */,
				1A45BBED1EAB4583007ECB5D /* Products */,
			);
			sourceTree = "<group>";
		};
		1A45BBED1EAB4583007ECB5D /* Products */ = {
			isa = PBXGroup;
			children = (
				1A45BBEC1EAB4583007ECB5D /* BackBtnEventIntercept_swift.app */,
				1A45BC001EAB4583007ECB5D /* BackBtnEventIntercept_swiftTests.xctest */,
			);
			name = Products;
			sourceTree = "<group>";
		};
		1A45BBEE1EAB4583007ECB5D /* BackBtnEventIntercept_swift */ = {
			isa = PBXGroup;
			children = (
				1A45BC0F1EAB45A7007ECB5D /* UIViewController+BackBtnEventIntercept */,
				1A45BBEF1EAB4583007ECB5D /* AppDelegate.swift */,
				1A45BBF11EAB4583007ECB5D /* ViewController.swift */,
				1A45BBF31EAB4583007ECB5D /* Main.storyboard */,
				1A45BBF61EAB4583007ECB5D /* Assets.xcassets */,
				1A45BBF81EAB4583007ECB5D /* LaunchScreen.storyboard */,
				1A45BBFB1EAB4583007ECB5D /* Info.plist */,
			);
			path = BackBtnEventIntercept_swift;
			sourceTree = "<group>";
		};
		1A45BC031EAB4583007ECB5D /* BackBtnEventIntercept_swiftTests */ = {
			isa = PBXGroup;
			children = (
				1A45BC041EAB4583007ECB5D /* BackBtnEventIntercept_swiftTests.swift */,
				1A45BC061EAB4583007ECB5D /* Info.plist */,
			);
			path = BackBtnEventIntercept_swiftTests;
			sourceTree = "<group>";
		};
		1A45BC0F1EAB45A7007ECB5D /* UIViewController+BackBtnEventIntercept */ = {
			isa = PBXGroup;
			children = (
				1A45BC101EAB45B8007ECB5D /* UIViewController+BackBtnEventIntercept.swift */,
			);
			path = "UIViewController+BackBtnEventIntercept";
			sourceTree = "<group>";
		};
/* End PBXGroup section */

/* Begin PBXNativeTarget section */
		1A45BBEB1EAB4583007ECB5D /* BackBtnEventIntercept_swift */ = {
			isa = PBXNativeTarget;
			buildConfigurationList = 1A45BC091EAB4583007ECB5D /* Build configuration list for PBXNativeTarget "BackBtnEventIntercept_swift" */;
			buildPhases = (
				1A45BBE81EAB4583007ECB5D /* Sources */,
				1A45BBE91EAB4583007ECB5D /* Frameworks */,
				1A45BBEA1EAB4583007ECB5D /* Resources */,
			);
			buildRules = (
			);
			dependencies = (
			);
			name = BackBtnEventIntercept_swift;
			productName = BackBtnEventIntercept_swift;
			productReference = 1A45BBEC1EAB4583007ECB5D /* BackBtnEventIntercept_swift.app */;
			productType = "com.apple.product-type.application";
		};
		1A45BBFF1EAB4583007ECB5D /* BackBtnEventIntercept_swiftTests */ = {
			isa = PBXNativeTarget;
			buildConfigurationList = 1A45BC0C1EAB4583007ECB5D /* Build configuration list for PBXNativeTarget "BackBtnEventIntercept_swiftTests" */;
			buildPhases = (
				1A45BBFC1EAB4583007ECB5D /* Sources */,
				1A45BBFD1EAB4583007ECB5D /* Frameworks */,
				1A45BBFE1EAB4583007ECB5D /* Resources */,
			);
			buildRules = (
			);
			dependencies = (
				1A45BC021EAB4583007ECB5D /* PBXTargetDependency */,
			);
			name = BackBtnEventIntercept_swiftTests;
			productName = BackBtnEventIntercept_swiftTests;
			productReference = 1A45BC001EAB4583007ECB5D /* BackBtnEventIntercept_swiftTests.xctest */;
			productType = "com.apple.product-type.bundle.unit-test";
		};
/* End PBXNativeTarget section */

/* Begin PBXProject section */
		1A45BBE41EAB4583007ECB5D /* Project object */ = {
			isa = PBXProject;
			attributes = {
				LastSwiftUpdateCheck = 0810;
				LastUpgradeCheck = 0810;
				ORGANIZATIONNAME = wangrui;
				TargetAttributes = {
					1A45BBEB1EAB4583007ECB5D = {
						CreatedOnToolsVersion = 8.1;
						DevelopmentTeam = 652U6LDTX4;
						ProvisioningStyle = Automatic;
					};
					1A45BBFF1EAB4583007ECB5D = {
						CreatedOnToolsVersion = 8.1;
						DevelopmentTeam = 652U6LDTX4;
						ProvisioningStyle = Automatic;
						TestTargetID = 1A45BBEB1EAB4583007ECB5D;
					};
				};
			};
			buildConfigurationList = 1A45BBE71EAB4583007ECB5D /* Build configuration list for PBXProject "BackBtnEventIntercept_swift" */;
			compatibilityVersion = "Xcode 3.2";
			developmentRegion = English;
			hasScannedForEncodings = 0;
			knownRegions = (
				en,
				Base,
			);
			mainGroup = 1A45BBE31EAB4583007ECB5D;
			productRefGroup = 1A45BBED1EAB4583007ECB5D /* Products */;
			projectDirPath = "";
			projectRoot = "";
			targets = (
				1A45BBEB1EAB4583007ECB5D /* BackBtnEventIntercept_swift */,
				1A45BBFF1EAB4583007ECB5D /* BackBtnEventIntercept_swiftTests */,
			);
		};
/* End PBXProject section */

/* Begin PBXResourcesBuildPhase section */
		1A45BBEA1EAB4583007ECB5D /* Resources */ = {
			isa = PBXResourcesBuildPhase;
			buildActionMask = 2147483647;
			files = (
				1A45BBFA1EAB4583007ECB5D /* LaunchScreen.storyboard in Resources */,
				1A45BBF71EAB4583007ECB5D /* Assets.xcassets in Resources */,
				1A45BBF51EAB4583007ECB5D /* Main.storyboard in Resources */,
			);
			runOnlyForDeploymentPostprocessing = 0;
		};
		1A45BBFE1EAB4583007ECB5D /* Resources */ = {
			isa = PBXResourcesBuildPhase;
			buildActionMask = 2147483647;
			files = (
			);
			runOnlyForDeploymentPostprocessing = 0;
		};
/* End PBXResourcesBuildPhase section */

/* Begin PBXSourcesBuildPhase section */
		1A45BBE81EAB4583007ECB5D /* Sources */ = {
			isa = PBXSourcesBuildPhase;
			buildActionMask = 2147483647;
			files = (
				1A45BC111EAB45B8007ECB5D /* UIViewController+BackBtnEventIntercept.swift in Sources */,
				1A45BBF21EAB4583007ECB5D /* ViewController.swift in Sources */,
				1A45BBF01EAB4583007ECB5D /* AppDelegate.swift in Sources */,
			);
			runOnlyForDeploymentPostprocessing = 0;
		};
		1A45BBFC1EAB4583007ECB5D /* Sources */ = {
			isa = PBXSourcesBuildPhase;
			buildActionMask = 2147483647;
			files = (
				1A45BC051EAB4583007ECB5D /* BackBtnEventIntercept_swiftTests.swift in Sources */,
			);
			runOnlyForDeploymentPostprocessing = 0;
		};
/* End PBXSourcesBuildPhase section */

/* Begin PBXTargetDependency section */
		1A45BC021EAB4583007ECB5D /* PBXTargetDependency */ = {
			isa = PBXTargetDependency;
			target = 1A45BBEB1EAB4583007ECB5D /* BackBtnEventIntercept_swift */;
			targetProxy = 1A45BC011EAB4583007ECB5D /* PBXContainerItemProxy */;
		};
/* End PBXTargetDependency section */

/* Begin PBXVariantGroup section */
		1A45BBF31EAB4583007ECB5D /* Main.storyboard */ = {
			isa = PBXVariantGroup;
			children = (
				1A45BBF41EAB4583007ECB5D /* Base */,
			);
			name = Main.storyboard;
			sourceTree = "<group>";
		};
		1A45BBF81EAB4583007ECB5D /* LaunchScreen.storyboard */ = {
			isa = PBXVariantGroup;
			children = (
				1A45BBF91EAB4583007ECB5D /* Base */,
			);
			name = LaunchScreen.storyboard;
			sourceTree = "<group>";
		};
/* End PBXVariantGroup section */

/* Begin XCBuildConfiguration section */
		1A45BC071EAB4583007ECB5D /* Debug */ = {
			isa = XCBuildConfiguration;
			buildSettings = {
				ALWAYS_SEARCH_USER_PATHS = NO;
				CLANG_ANALYZER_NONNULL = YES;
				CLANG_CXX_LANGUAGE_STANDARD = "gnu++0x";
				CLANG_CXX_LIBRARY = "libc++";
				CLANG_ENABLE_MODULES = YES;
				CLANG_ENABLE_OBJC_ARC = YES;
				CLANG_WARN_BOOL_CONVERSION = YES;
				CLANG_WARN_CONSTANT_CONVERSION = YES;
				CLANG_WARN_DIRECT_OBJC_ISA_USAGE = YES_ERROR;
				CLANG_WARN_DOCUMENTATION_COMMENTS = YES;
				CLANG_WARN_EMPTY_BODY = YES;
				CLANG_WARN_ENUM_CONVERSION = YES;
				CLANG_WARN_INFINITE_RECURSION = YES;
				CLANG_WARN_INT_CONVERSION = YES;
				CLANG_WARN_OBJC_ROOT_CLASS = YES_ERROR;
				CLANG_WARN_SUSPICIOUS_MOVES = YES;
				CLANG_WARN_UNREACHABLE_CODE = YES;
				CLANG_WARN__DUPLICATE_METHOD_MATCH = YES;
				"CODE_SIGN_IDENTITY[sdk=iphoneos*]" = "iPhone Developer";
				COPY_PHASE_STRIP = NO;
				DEBUG_INFORMATION_FORMAT = dwarf;
				ENABLE_STRICT_OBJC_MSGSEND = YES;
				ENABLE_TESTABILITY = YES;
				GCC_C_LANGUAGE_STANDARD = gnu99;
				GCC_DYNAMIC_NO_PIC = NO;
				GCC_NO_COMMON_BLOCKS = YES;
				GCC_OPTIMIZATION_LEVEL = 0;
				GCC_PREPROCESSOR_DEFINITIONS = (
					"DEBUG=1",
					"$(inherited)",
				);
				GCC_WARN_64_TO_32_BIT_CONVERSION = YES;
				GCC_WARN_ABOUT_RETURN_TYPE = YES_ERROR;
				GCC_WARN_UNDECLARED_SELECTOR = YES;
				GCC_WARN_UNINITIALIZED_AUTOS = YES_AGGRESSIVE;
				GCC_WARN_UNUSED_FUNCTION = YES;
				GCC_WARN_UNUSED_VARIABLE = YES;
				IPHONEOS_DEPLOYMENT_TARGET = 10.1;
				MTL_ENABLE_DEBUG_INFO = YES;
				ONLY_ACTIVE_ARCH = YES;
				SDKROOT = iphoneos;
				SWIFT_ACTIVE_COMPILATION_CONDITIONS = DEBUG;
				SWIFT_OPTIMIZATION_LEVEL = "-Onone";
				TARGETED_DEVICE_FAMILY = "1,2";
			};
			name = Debug;
		};
		1A45BC081EAB4583007ECB5D /* Release */ = {
			isa = XCBuildConfiguration;
			buildSettings = {
				ALWAYS_SEARCH_USER_PATHS = NO;
				CLANG_ANALYZER_NONNULL = YES;
				CLANG_CXX_LANGUAGE_STANDARD = "gnu++0x";
				CLANG_CXX_LIBRARY = "libc++";
				CLANG_ENABLE_MODULES = YES;
				CLANG_ENABLE_OBJC_ARC = YES;
				CLANG_WARN_BOOL_CONVERSION = YES;
				CLANG_WARN_CONSTANT_CONVERSION = YES;
				CLANG_WARN_DIRECT_OBJC_ISA_USAGE = YES_ERROR;
				CLANG_WARN_DOCUMENTATION_COMMENTS = YES;
				CLANG_WARN_EMPTY_BODY = YES;
				CLANG_WARN_ENUM_CONVERSION = YES;
				CLANG_WARN_INFINITE_RECURSION = YES;
				CLANG_WARN_INT_CONVERSION = YES;
				CLANG_WARN_OBJC_ROOT_CLASS = YES_ERROR;
				CLANG_WARN_SUSPICIOUS_MOVES = YES;
				CLANG_WARN_UNREACHABLE_CODE = YES;
				CLANG_WARN__DUPLICATE_METHOD_MATCH = YES;
				"CODE_SIGN_IDENTITY[sdk=iphoneos*]" = "iPhone Developer";
				COPY_PHASE_STRIP = NO;
				DEBUG_INFORMATION_FORMAT = "dwarf-with-dsym";
				ENABLE_NS_ASSERTIONS = NO;
				ENABLE_STRICT_OBJC_MSGSEND = YES;
				GCC_C_LANGUAGE_STANDARD = gnu99;
				GCC_NO_COMMON_BLOCKS = YES;
				GCC_WARN_64_TO_32_BIT_CONVERSION = YES;
				GCC_WARN_ABOUT_RETURN_TYPE = YES_ERROR;
				GCC_WARN_UNDECLARED_SELECTOR = YES;
				GCC_WARN_UNINITIALIZED_AUTOS = YES_AGGRESSIVE;
				GCC_WARN_UNUSED_FUNCTION = YES;
				GCC_WARN_UNUSED_VARIABLE = YES;
				IPHONEOS_DEPLOYMENT_TARGET = 10.1;
				MTL_ENABLE_DEBUG_INFO = NO;
				SDKROOT = iphoneos;
				SWIFT_OPTIMIZATION_LEVEL = "-Owholemodule";
				TARGETED_DEVICE_FAMILY = "1,2";
				VALIDATE_PRODUCT = YES;
			};
			name = Release;
		};
		1A45BC0A1EAB4583007ECB5D /* Debug */ = {
			isa = XCBuildConfiguration;
			buildSettings = {
				ASSETCATALOG_COMPILER_APPICON_NAME = AppIcon;
				DEVELOPMENT_TEAM = 652U6LDTX4;
				INFOPLIST_FILE = BackBtnEventIntercept_swift/Info.plist;
				LD_RUNPATH_SEARCH_PATHS = "$(inherited) @executable_path/Frameworks";
				PRODUCT_BUNDLE_IDENTIFIER = "video.wangrui.com.BackBtnEventIntercept-swift";
				PRODUCT_NAME = "$(TARGET_NAME)";
				SWIFT_VERSION = 3.0;
			};
			name = Debug;
		};
		1A45BC0B1EAB4583007ECB5D /* Release */ = {
			isa = XCBuildConfiguration;
			buildSettings = {
				ASSETCATALOG_COMPILER_APPICON_NAME = AppIcon;
				DEVELOPMENT_TEAM = 652U6LDTX4;
				INFOPLIST_FILE = BackBtnEventIntercept_swift/Info.plist;
				LD_RUNPATH_SEARCH_PATHS = "$(inherited) @executable_path/Frameworks";
				PRODUCT_BUNDLE_IDENTIFIER = "video.wangrui.com.BackBtnEventIntercept-swift";
				PRODUCT_NAME = "$(TARGET_NAME)";
				SWIFT_VERSION = 3.0;
			};
			name = Release;
		};
		1A45BC0D1EAB4583007ECB5D /* Debug */ = {
			isa = XCBuildConfiguration;
			buildSettings = {
				ALWAYS_EMBED_SWIFT_STANDARD_LIBRARIES = YES;
				BUNDLE_LOADER = "$(TEST_HOST)";
				DEVELOPMENT_TEAM = 652U6LDTX4;
				INFOPLIST_FILE = BackBtnEventIntercept_swiftTests/Info.plist;
				LD_RUNPATH_SEARCH_PATHS = "$(inherited) @executable_path/Frameworks @loader_path/Frameworks";
				PRODUCT_BUNDLE_IDENTIFIER = "video.wangrui.com.BackBtnEventIntercept-swiftTests";
				PRODUCT_NAME = "$(TARGET_NAME)";
				SWIFT_VERSION = 3.0;
				TEST_HOST = "$(BUILT_PRODUCTS_DIR)/BackBtnEventIntercept_swift.app/BackBtnEventIntercept_swift";
			};
			name = Debug;
		};
		1A45BC0E1EAB4583007ECB5D /* Release */ = {
			isa = XCBuildConfiguration;
			buildSettings = {
				ALWAYS_EMBED_SWIFT_STANDARD_LIBRARIES = YES;
				BUNDLE_LOADER = "$(TEST_HOST)";
				DEVELOPMENT_TEAM = 652U6LDTX4;
				INFOPLIST_FILE = BackBtnEventIntercept_swiftTests/Info.plist;
				LD_RUNPATH_SEARCH_PATHS = "$(inherited) @executable_path/Frameworks @loader_path/Frameworks";
				PRODUCT_BUNDLE_IDENTIFIER = "video.wangrui.com.BackBtnEventIntercept-swiftTests";
				PRODUCT_NAME = "$(TARGET_NAME)";
				SWIFT_VERSION = 3.0;
				TEST_HOST = "$(BUILT_PRODUCTS_DIR)/BackBtnEventIntercept_swift.app/BackBtnEventIntercept_swift";
			};
			name = Release;
		};
/* End XCBuildConfiguration section */

/* Begin XCConfigurationList section */
		1A45BBE71EAB4583007ECB5D /* Build configuration list for PBXProject "BackBtnEventIntercept_swift" */ = {
			isa = XCConfigurationList;
			buildConfigurations = (
				1A45BC071EAB4583007ECB5D /* Debug */,
				1A45BC081EAB4583007ECB5D /* Release */,
			);
			defaultConfigurationIsVisible = 0;
			defaultConfigurationName = Release;
		};
		1A45BC091EAB4583007ECB5D /* Build configuration list for PBXNativeTarget "BackBtnEventIntercept_swift" */ = {
			isa = XCConfigurationList;
			buildConfigurations = (
				1A45BC0A1EAB4583007ECB5D /* Debug */,
				1A45BC0B1EAB4583007ECB5D /* Release */,
			);
			defaultConfigurationIsVisible = 0;
		};
		1A45BC0C1EAB4583007ECB5D /* Build configuration list for PBXNativeTarget "BackBtnEventIntercept_swiftTests" */ = {
			isa = XCConfigurationList;
			buildConfigurations = (
				1A45BC0D1EAB4583007ECB5D /* Debug */,
				1A45BC0E1EAB4583007ECB5D /* Release */,
			);
			defaultConfigurationIsVisible = 0;
		};
/* End XCConfigurationList section */
	};
	rootObject = 1A45BBE41EAB4583007ECB5D /* Project object */;
}
